// !$*UTF8*$!
{
	archiveVersion = 1;
	classes = {
	};
	objectVersion = 55;
	objects = {

/* Begin PBXBuildFile section */
		D2A24A642885E0F30037AAD8 /* AppDelegate.swift in Sources */ = {isa = PBXBuildFile; fileRef = D2A24A632885E0F30037AAD8 /* AppDelegate.swift */; };
		D2A24A662885E0F30037AAD8 /* SceneDelegate.swift in Sources */ = {isa = PBXBuildFile; fileRef = D2A24A652885E0F30037AAD8 /* SceneDelegate.swift */; };
		D2A24A682885E0F30037AAD8 /* ViewController.swift in Sources */ = {isa = PBXBuildFile; fileRef = D2A24A672885E0F30037AAD8 /* ViewController.swift */; };
		D2A24A6B2885E0F30037AAD8 /* Main.storyboard in Resources */ = {isa = PBXBuildFile; fileRef = D2A24A692885E0F30037AAD8 /* Main.storyboard */; };
		D2A24A6D2885E0F60037AAD8 /* Assets.xcassets in Resources */ = {isa = PBXBuildFile; fileRef = D2A24A6C2885E0F60037AAD8 /* Assets.xcassets */; };
		D2A24A702885E0F60037AAD8 /* LaunchScreen.storyboard in Resources */ = {isa = PBXBuildFile; fileRef = D2A24A6E2885E0F60037AAD8 /* LaunchScreen.storyboard */; };
		D2A24A782885E11D0037AAD8 /* Model.swift in Sources */ = {isa = PBXBuildFile; fileRef = D2A24A772885E11D0037AAD8 /* Model.swift */; };
		D2A24A7A2885E18D0037AAD8 /* NetworkManager.swift in Sources */ = {isa = PBXBuildFile; fileRef = D2A24A792885E18D0037AAD8 /* NetworkManager.swift */; };
		D2A24A7C2885E4780037AAD8 /* NetworkError.swift in Sources */ = {isa = PBXBuildFile; fileRef = D2A24A7B2885E4780037AAD8 /* NetworkError.swift */; };
		D2A24A842885F8880037AAD8 /* MainControllerView.swift in Sources */ = {isa = PBXBuildFile; fileRef = D2A24A832885F8880037AAD8 /* MainControllerView.swift */; };
		D2A24A862885F9530037AAD8 /* ProgTableViewCell.swift in Sources */ = {isa = PBXBuildFile; fileRef = D2A24A852885F9530037AAD8 /* ProgTableViewCell.swift */; };
		D2A24A8A2886E7680037AAD8 /* ViewController1.swift in Sources */ = {isa = PBXBuildFile; fileRef = D2A24A892886E7680037AAD8 /* ViewController1.swift */; };
		D2A24A8D2886E8BA0037AAD8 /* UIViewExtension.swift in Sources */ = {isa = PBXBuildFile; fileRef = D2A24A8C2886E8BA0037AAD8 /* UIViewExtension.swift */; };
		D2A24A8F2886E9290037AAD8 /* UIStackViewExtension.swift in Sources */ = {isa = PBXBuildFile; fileRef = D2A24A8E2886E9290037AAD8 /* UIStackViewExtension.swift */; };
/* End PBXBuildFile section */

/* Begin PBXFileReference section */
		D2A24A602885E0F30037AAD8 /* JsonNew.app */ = {isa = PBXFileReference; explicitFileType = wrapper.application; includeInIndex = 0; path = JsonNew.app; sourceTree = BUILT_PRODUCTS_DIR; };
		D2A24A632885E0F30037AAD8 /* AppDelegate.swift */ = {isa = PBXFileReference; lastKnownFileType = sourcecode.swift; path = AppDelegate.swift; sourceTree = "<group>"; };
		D2A24A652885E0F30037AAD8 /* SceneDelegate.swift */ = {isa = PBXFileReference; lastKnownFileType = sourcecode.swift; path = SceneDelegate.swift; sourceTree = "<group>"; };
		D2A24A672885E0F30037AAD8 /* ViewController.swift */ = {isa = PBXFileReference; lastKnownFileType = sourcecode.swift; path = ViewController.swift; sourceTree = "<group>"; };
		D2A24A6A2885E0F30037AAD8 /* Base */ = {isa = PBXFileReference; lastKnownFileType = file.storyboard; name = Base; path = Base.lproj/Main.storyboard; sourceTree = "<group>"; };
		D2A24A6C2885E0F60037AAD8 /* Assets.xcassets */ = {isa = PBXFileReference; lastKnownFileType = folder.assetcatalog; path = Assets.xcassets; sourceTree = "<group>"; };
		D2A24A6F2885E0F60037AAD8 /* Base */ = {isa = PBXFileReference; lastKnownFileType = file.storyboard; name = Base; path = Base.lproj/LaunchScreen.storyboard; sourceTree = "<group>"; };
		D2A24A712885E0F60037AAD8 /* Info.plist */ = {isa = PBXFileReference; lastKnownFileType = text.plist.xml; path = Info.plist; sourceTree = "<group>"; };
		D2A24A772885E11D0037AAD8 /* Model.swift */ = {isa = PBXFileReference; lastKnownFileType = sourcecode.swift; path = Model.swift; sourceTree = "<group>"; };
		D2A24A792885E18D0037AAD8 /* NetworkManager.swift */ = {isa = PBXFileReference; lastKnownFileType = sourcecode.swift; path = NetworkManager.swift; sourceTree = "<group>"; };
		D2A24A7B2885E4780037AAD8 /* NetworkError.swift */ = {isa = PBXFileReference; lastKnownFileType = sourcecode.swift; path = NetworkError.swift; sourceTree = "<group>"; };
		D2A24A832885F8880037AAD8 /* MainControllerView.swift */ = {isa = PBXFileReference; lastKnownFileType = sourcecode.swift; path = MainControllerView.swift; sourceTree = "<group>"; };
		D2A24A852885F9530037AAD8 /* ProgTableViewCell.swift */ = {isa = PBXFileReference; lastKnownFileType = sourcecode.swift; path = ProgTableViewCell.swift; sourceTree = "<group>"; };
		D2A24A892886E7680037AAD8 /* ViewController1.swift */ = {isa = PBXFileReference; lastKnownFileType = sourcecode.swift; path = ViewController1.swift; sourceTree = "<group>"; };
		D2A24A8C2886E8BA0037AAD8 /* UIViewExtension.swift */ = {isa = PBXFileReference; lastKnownFileType = sourcecode.swift; path = UIViewExtension.swift; sourceTree = "<group>"; };
		D2A24A8E2886E9290037AAD8 /* UIStackViewExtension.swift */ = {isa = PBXFileReference; lastKnownFileType = sourcecode.swift; path = UIStackViewExtension.swift; sourceTree = "<group>"; };
/* End PBXFileReference section */

/* Begin PBXFrameworksBuildPhase section */
		D2A24A5D2885E0F30037AAD8 /* Frameworks */ = {
			isa = PBXFrameworksBuildPhase;
			buildActionMask = 2147483647;
			files = (
			);
			runOnlyForDeploymentPostprocessing = 0;
		};
/* End PBXFrameworksBuildPhase section */

/* Begin PBXGroup section */
		D2A24A572885E0F30037AAD8 = {
			isa = PBXGroup;
			children = (
				D2A24A622885E0F30037AAD8 /* JsonNew */,
				D2A24A612885E0F30037AAD8 /* Products */,
			);
			sourceTree = "<group>";
		};
		D2A24A612885E0F30037AAD8 /* Products */ = {
			isa = PBXGroup;
			children = (
				D2A24A602885E0F30037AAD8 /* JsonNew.app */,
			);
			name = Products;
			sourceTree = "<group>";
		};
		D2A24A622885E0F30037AAD8 /* JsonNew */ = {
			isa = PBXGroup;
			children = (
				D2A24A632885E0F30037AAD8 /* AppDelegate.swift */,
				D2A24A652885E0F30037AAD8 /* SceneDelegate.swift */,
				D2A24A7F2885F8220037AAD8 /* Views */,
				D2A24A7E2885F7FA0037AAD8 /* Model */,
				D2A24A7D2885F7DE0037AAD8 /* Network */,
				D2A24A8B2886E86C0037AAD8 /* Extensions */,
				D2A24A692885E0F30037AAD8 /* Main.storyboard */,
				D2A24A6C2885E0F60037AAD8 /* Assets.xcassets */,
				D2A24A6E2885E0F60037AAD8 /* LaunchScreen.storyboard */,
				D2A24A712885E0F60037AAD8 /* Info.plist */,
			);
			path = JsonNew;
			sourceTree = "<group>";
		};
		D2A24A7D2885F7DE0037AAD8 /* Network */ = {
			isa = PBXGroup;
			children = (
				D2A24A792885E18D0037AAD8 /* NetworkManager.swift */,
				D2A24A7B2885E4780037AAD8 /* NetworkError.swift */,
			);
			path = Network;
			sourceTree = "<group>";
		};
		D2A24A7E2885F7FA0037AAD8 /* Model */ = {
			isa = PBXGroup;
			children = (
				D2A24A772885E11D0037AAD8 /* Model.swift */,
			);
			path = Model;
			sourceTree = "<group>";
		};
		D2A24A7F2885F8220037AAD8 /* Views */ = {
			isa = PBXGroup;
			children = (
				D2A24A672885E0F30037AAD8 /* ViewController.swift */,
				D2A24A832885F8880037AAD8 /* MainControllerView.swift */,
				D2A24A892886E7680037AAD8 /* ViewController1.swift */,
				D2A24A852885F9530037AAD8 /* ProgTableViewCell.swift */,
			);
			path = Views;
			sourceTree = "<group>";
		};
		D2A24A8B2886E86C0037AAD8 /* Extensions */ = {
			isa = PBXGroup;
			children = (
				D2A24A8C2886E8BA0037AAD8 /* UIViewExtension.swift */,
				D2A24A8E2886E9290037AAD8 /* UIStackViewExtension.swift */,
			);
			path = Extensions;
			sourceTree = "<group>";
		};
/* End PBXGroup section */

/* Begin PBXNativeTarget section */
		D2A24A5F2885E0F30037AAD8 /* JsonNew */ = {
			isa = PBXNativeTarget;
			buildConfigurationList = D2A24A742885E0F60037AAD8 /* Build configuration list for PBXNativeTarget "JsonNew" */;
			buildPhases = (
				D2A24A5C2885E0F30037AAD8 /* Sources */,
				D2A24A5D2885E0F30037AAD8 /* Frameworks */,
				D2A24A5E2885E0F30037AAD8 /* Resources */,
			);
			buildRules = (
			);
			dependencies = (
			);
			name = JsonNew;
			productName = JsonNew;
			productReference = D2A24A602885E0F30037AAD8 /* JsonNew.app */;
			productType = "com.apple.product-type.application";
		};
/* End PBXNativeTarget section */

/* Begin PBXProject section */
		D2A24A582885E0F30037AAD8 /* Project object */ = {
			isa = PBXProject;
			attributes = {
				BuildIndependentTargetsInParallel = 1;
				LastSwiftUpdateCheck = 1340;
				LastUpgradeCheck = 1340;
				TargetAttributes = {
					D2A24A5F2885E0F30037AAD8 = {
						CreatedOnToolsVersion = 13.4.1;
					};
				};
			};
			buildConfigurationList = D2A24A5B2885E0F30037AAD8 /* Build configuration list for PBXProject "JsonNew" */;
			compatibilityVersion = "Xcode 13.0";
			developmentRegion = en;
			hasScannedForEncodings = 0;
			knownRegions = (
				en,
				Base,
			);
			mainGroup = D2A24A572885E0F30037AAD8;
			productRefGroup = D2A24A612885E0F30037AAD8 /* Products */;
			projectDirPath = "";
			projectRoot = "";
			targets = (
				D2A24A5F2885E0F30037AAD8 /* JsonNew */,
			);
		};
/* End PBXProject section */

/* Begin PBXResourcesBuildPhase section */
		D2A24A5E2885E0F30037AAD8 /* Resources */ = {
			isa = PBXResourcesBuildPhase;
			buildActionMask = 2147483647;
			files = (
				D2A24A702885E0F60037AAD8 /* LaunchScreen.storyboard in Resources */,
				D2A24A6D2885E0F60037AAD8 /* Assets.xcassets in Resources */,
				D2A24A6B2885E0F30037AAD8 /* Main.storyboard in Resources */,
			);
			runOnlyForDeploymentPostprocessing = 0;
		};
/* End PBXResourcesBuildPhase section */

/* Begin PBXSourcesBuildPhase section */
		D2A24A5C2885E0F30037AAD8 /* Sources */ = {
			isa = PBXSourcesBuildPhase;
			buildActionMask = 2147483647;
			files = (
				D2A24A8D2886E8BA0037AAD8 /* UIViewExtension.swift in Sources */,
				D2A24A8A2886E7680037AAD8 /* ViewController1.swift in Sources */,
				D2A24A842885F8880037AAD8 /* MainControllerView.swift in Sources */,
				D2A24A682885E0F30037AAD8 /* ViewController.swift in Sources */,
				D2A24A642885E0F30037AAD8 /* AppDelegate.swift in Sources */,
				D2A24A7A2885E18D0037AAD8 /* NetworkManager.swift in Sources */,
				D2A24A8F2886E9290037AAD8 /* UIStackViewExtension.swift in Sources */,
				D2A24A7C2885E4780037AAD8 /* NetworkError.swift in Sources */,
				D2A24A862885F9530037AAD8 /* ProgTableViewCell.swift in Sources */,
				D2A24A662885E0F30037AAD8 /* SceneDelegate.swift in Sources */,
				D2A24A782885E11D0037AAD8 /* Model.swift in Sources */,
			);
			runOnlyForDeploymentPostprocessing = 0;
		};
/* End PBXSourcesBuildPhase section */

/* Begin PBXVariantGroup section */
		D2A24A692885E0F30037AAD8 /* Main.storyboard */ = {
			isa = PBXVariantGroup;
			children = (
				D2A24A6A2885E0F30037AAD8 /* Base */,
			);
			name = Main.storyboard;
			sourceTree = "<group>";
		};
		D2A24A6E2885E0F60037AAD8 /* LaunchScreen.storyboard */ = {
			isa = PBXVariantGroup;
			children = (
				D2A24A6F2885E0F60037AAD8 /* Base */,
			);
			name = LaunchScreen.storyboard;
			sourceTree = "<group>";
		};
/* End PBXVariantGroup section */

/* Begin XCBuildConfiguration section */
		D2A24A722885E0F60037AAD8 /* Debug */ = {
			isa = XCBuildConfiguration;
			buildSettings = {
				ALWAYS_SEARCH_USER_PATHS = NO;
				CLANG_ANALYZER_NONNULL = YES;
				CLANG_ANALYZER_NUMBER_OBJECT_CONVERSION = YES_AGGRESSIVE;
				CLANG_CXX_LANGUAGE_STANDARD = "gnu++17";
				CLANG_ENABLE_MODULES = YES;
				CLANG_ENABLE_OBJC_ARC = YES;
				CLANG_ENABLE_OBJC_WEAK = YES;
				CLANG_WARN_BLOCK_CAPTURE_AUTORELEASING = YES;
				CLANG_WARN_BOOL_CONVERSION = YES;
				CLANG_WARN_COMMA = YES;
				CLANG_WARN_CONSTANT_CONVERSION = YES;
				CLANG_WARN_DEPRECATED_OBJC_IMPLEMENTATIONS = YES;
				CLANG_WARN_DIRECT_OBJC_ISA_USAGE = YES_ERROR;
				CLANG_WARN_DOCUMENTATION_COMMENTS = YES;
				CLANG_WARN_EMPTY_BODY = YES;
				CLANG_WARN_ENUM_CONVERSION = YES;
				CLANG_WARN_INFINITE_RECURSION = YES;
				CLANG_WARN_INT_CONVERSION = YES;
				CLANG_WARN_NON_LITERAL_NULL_CONVERSION = YES;
				CLANG_WARN_OBJC_IMPLICIT_RETAIN_SELF = YES;
				CLANG_WARN_OBJC_LITERAL_CONVERSION = YES;
				CLANG_WARN_OBJC_ROOT_CLASS = YES_ERROR;
				CLANG_WARN_QUOTED_INCLUDE_IN_FRAMEWORK_HEADER = YES;
				CLANG_WARN_RANGE_LOOP_ANALYSIS = YES;
				CLANG_WARN_STRICT_PROTOTYPES = YES;
				CLANG_WARN_SUSPICIOUS_MOVE = YES;
				CLANG_WARN_UNGUARDED_AVAILABILITY = YES_AGGRESSIVE;
				CLANG_WARN_UNREACHABLE_CODE = YES;
				CLANG_WARN__DUPLICATE_METHOD_MATCH = YES;
				COPY_PHASE_STRIP = NO;
				DEBUG_INFORMATION_FORMAT = dwarf;
				ENABLE_STRICT_OBJC_MSGSEND = YES;
				ENABLE_TESTABILITY = YES;
				GCC_C_LANGUAGE_STANDARD = gnu11;
				GCC_DYNAMIC_NO_PIC = NO;
				GCC_NO_COMMON_BLOCKS = YES;
				GCC_OPTIMIZATION_LEVEL = 0;
				GCC_PREPROCESSOR_DEFINITIONS = (
					"DEBUG=1",
					"$(inherited)",
				);
				GCC_WARN_64_TO_32_BIT_CONVERSION = YES;
				GCC_WARN_ABOUT_RETURN_TYPE = YES_ERROR;
				GCC_WARN_UNDECLARED_SELECTOR = YES;
				GCC_WARN_UNINITIALIZED_AUTOS = YES_AGGRESSIVE;
				GCC_WARN_UNUSED_FUNCTION = YES;
				GCC_WARN_UNUSED_VARIABLE = YES;
				IPHONEOS_DEPLOYMENT_TARGET = 15.5;
				MTL_ENABLE_DEBUG_INFO = INCLUDE_SOURCE;
				MTL_FAST_MATH = YES;
				ONLY_ACTIVE_ARCH = YES;
				SDKROOT = iphoneos;
				SWIFT_ACTIVE_COMPILATION_CONDITIONS = DEBUG;
				SWIFT_OPTIMIZATION_LEVEL = "-Onone";
			};
			name = Debug;
		};
		D2A24A732885E0F60037AAD8 /* Release */ = {
			isa = XCBuildConfiguration;
			buildSettings = {
				ALWAYS_SEARCH_USER_PATHS = NO;
				CLANG_ANALYZER_NONNULL = YES;
				CLANG_ANALYZER_NUMBER_OBJECT_CONVERSION = YES_AGGRESSIVE;
				CLANG_CXX_LANGUAGE_STANDARD = "gnu++17";
				CLANG_ENABLE_MODULES = YES;
				CLANG_ENABLE_OBJC_ARC = YES;
				CLANG_ENABLE_OBJC_WEAK = YES;
				CLANG_WARN_BLOCK_CAPTURE_AUTORELEASING = YES;
				CLANG_WARN_BOOL_CONVERSION = YES;
				CLANG_WARN_COMMA = YES;
				CLANG_WARN_CONSTANT_CONVERSION = YES;
				CLANG_WARN_DEPRECATED_OBJC_IMPLEMENTATIONS = YES;
				CLANG_WARN_DIRECT_OBJC_ISA_USAGE = YES_ERROR;
				CLANG_WARN_DOCUMENTATION_COMMENTS = YES;
				CLANG_WARN_EMPTY_BODY = YES;
				CLANG_WARN_ENUM_CONVERSION = YES;
				CLANG_WARN_INFINITE_RECURSION = YES;
				CLANG_WARN_INT_CONVERSION = YES;
				CLANG_WARN_NON_LITERAL_NULL_CONVERSION = YES;
				CLANG_WARN_OBJC_IMPLICIT_RETAIN_SELF = YES;
				CLANG_WARN_OBJC_LITERAL_CONVERSION = YES;
				CLANG_WARN_OBJC_ROOT_CLASS = YES_ERROR;
				CLANG_WARN_QUOTED_INCLUDE_IN_FRAMEWORK_HEADER = YES;
				CLANG_WARN_RANGE_LOOP_ANALYSIS = YES;
				CLANG_WARN_STRICT_PROTOTYPES = YES;
				CLANG_WARN_SUSPICIOUS_MOVE = YES;
				CLANG_WARN_UNGUARDED_AVAILABILITY = YES_AGGRESSIVE;
				CLANG_WARN_UNREACHABLE_CODE = YES;
				CLANG_WARN__DUPLICATE_METHOD_MATCH = YES;
				COPY_PHASE_STRIP = NO;
				DEBUG_INFORMATION_FORMAT = "dwarf-with-dsym";
				ENABLE_NS_ASSERTIONS = NO;
				ENABLE_STRICT_OBJC_MSGSEND = YES;
				GCC_C_LANGUAGE_STANDARD = gnu11;
				GCC_NO_COMMON_BLOCKS = YES;
				GCC_WARN_64_TO_32_BIT_CONVERSION = YES;
				GCC_WARN_ABOUT_RETURN_TYPE = YES_ERROR;
				GCC_WARN_UNDECLARED_SELECTOR = YES;
				GCC_WARN_UNINITIALIZED_AUTOS = YES_AGGRESSIVE;
				GCC_WARN_UNUSED_FUNCTION = YES;
				GCC_WARN_UNUSED_VARIABLE = YES;
				IPHONEOS_DEPLOYMENT_TARGET = 15.5;
				MTL_ENABLE_DEBUG_INFO = NO;
				MTL_FAST_MATH = YES;
				SDKROOT = iphoneos;
				SWIFT_COMPILATION_MODE = wholemodule;
				SWIFT_OPTIMIZATION_LEVEL = "-O";
				VALIDATE_PRODUCT = YES;
			};
			name = Release;
		};
		D2A24A752885E0F60037AAD8 /* Debug */ = {
			isa = XCBuildConfiguration;
			buildSettings = {
				ASSETCATALOG_COMPILER_APPICON_NAME = AppIcon;
				ASSETCATALOG_COMPILER_GLOBAL_ACCENT_COLOR_NAME = AccentColor;
				CODE_SIGN_STYLE = Automatic;
				CURRENT_PROJECT_VERSION = 1;
				GENERATE_INFOPLIST_FILE = YES;
				INFOPLIST_FILE = JsonNew/Info.plist;
				INFOPLIST_KEY_UIApplicationSupportsIndirectInputEvents = YES;
				INFOPLIST_KEY_UILaunchStoryboardName = LaunchScreen;
				INFOPLIST_KEY_UIMainStoryboardFile = Main;
				INFOPLIST_KEY_UISupportedInterfaceOrientations_iPad = "UIInterfaceOrientationPortrait UIInterfaceOrientationPortraitUpsideDown UIInterfaceOrientationLandscapeLeft UIInterfaceOrientationLandscapeRight";
				INFOPLIST_KEY_UISupportedInterfaceOrientations_iPhone = "UIInterfaceOrientationPortrait UIInterfaceOrientationLandscapeLeft UIInterfaceOrientationLandscapeRight";
				LD_RUNPATH_SEARCH_PATHS = (
					"$(inherited)",
					"@executable_path/Frameworks",
				);
				MARKETING_VERSION = 1.0;
				PRODUCT_BUNDLE_IDENTIFIER = FirstPoke.JsonNew;
				PRODUCT_NAME = "$(TARGET_NAME)";
				SWIFT_EMIT_LOC_STRINGS = YES;
				SWIFT_VERSION = 5.0;
				TARGETED_DEVICE_FAMILY = "1,2";
			};
			name = Debug;
		};
		D2A24A762885E0F60037AAD8 /* Release */ = {
			isa = XCBuildConfiguration;
			buildSettings = {
				ASSETCATALOG_COMPILER_APPICON_NAME = AppIcon;
				ASSETCATALOG_COMPILER_GLOBAL_ACCENT_COLOR_NAME = AccentColor;
				CODE_SIGN_STYLE = Automatic;
				CURRENT_PROJECT_VERSION = 1;
				GENERATE_INFOPLIST_FILE = YES;
				INFOPLIST_FILE = JsonNew/Info.plist;
				INFOPLIST_KEY_UIApplicationSupportsIndirectInputEvents = YES;
				INFOPLIST_KEY_UILaunchStoryboardName = LaunchScreen;
				INFOPLIST_KEY_UIMainStoryboardFile = Main;
				INFOPLIST_KEY_UISupportedInterfaceOrientations_iPad = "UIInterfaceOrientationPortrait UIInterfaceOrientationPortraitUpsideDown UIInterfaceOrientationLandscapeLeft UIInterfaceOrientationLandscapeRight";
				INFOPLIST_KEY_UISupportedInterfaceOrientations_iPhone = "UIInterfaceOrientationPortrait UIInterfaceOrientationLandscapeLeft UIInterfaceOrientationLandscapeRight";
				LD_RUNPATH_SEARCH_PATHS = (
					"$(inherited)",
					"@executable_path/Frameworks",
				);
				MARKETING_VERSION = 1.0;
				PRODUCT_BUNDLE_IDENTIFIER = FirstPoke.JsonNew;
				PRODUCT_NAME = "$(TARGET_NAME)";
				SWIFT_EMIT_LOC_STRINGS = YES;
				SWIFT_VERSION = 5.0;
				TARGETED_DEVICE_FAMILY = "1,2";
			};
			name = Release;
		};
/* End XCBuildConfiguration section */

/* Begin XCConfigurationList section */
		D2A24A5B2885E0F30037AAD8 /* Build configuration list for PBXProject "JsonNew" */ = {
			isa = XCConfigurationList;
			buildConfigurations = (
				D2A24A722885E0F60037AAD8 /* Debug */,
				D2A24A732885E0F60037AAD8 /* Release */,
			);
			defaultConfigurationIsVisible = 0;
			defaultConfigurationName = Release;
		};
		D2A24A742885E0F60037AAD8 /* Build configuration list for PBXNativeTarget "JsonNew" */ = {
			isa = XCConfigurationList;
			buildConfigurations = (
				D2A24A752885E0F60037AAD8 /* Debug */,
				D2A24A762885E0F60037AAD8 /* Release */,
			);
			defaultConfigurationIsVisible = 0;
			defaultConfigurationName = Release;
		};
/* End XCConfigurationList section */
	};
	rootObject = D2A24A582885E0F30037AAD8 /* Project object */;
}
